
Microsoft Visual Studio Solution File, Format Version 12.00
# Visual Studio Version 16
VisualStudioVersion = 16.0.29613.14
MinimumVisualStudioVersion = 10.0.40219.1
Project("{9A19103F-16F7-4668-BE54-9A1E7A4F7556}") = "MvcMovie", "..\MvcMovie\MvcMovie.csproj", "{CF59AE3F-7D8A-4DD4-8EF0-DCF203D90E60}"
EndProject
Global
	GlobalSection(SolutionConfigurationPlatforms) = preSolution
		Debug|Any CPU = Debug|Any CPU
		Release|Any CPU = Release|Any CPU
	EndGlobalSection
	GlobalSection(ProjectConfigurationPlatforms) = postSolution
		{CF59AE3F-7D8A-4DD4-8EF0-DCF203D90E60}.Debug|Any CPU.ActiveCfg = Debug|Any CPU
		{CF59AE3F-7D8A-4DD4-8EF0-DCF203D90E60}.Debug|Any CPU.Build.0 = Debug|Any CPU
		{CF59AE3F-7D8A-4DD4-8EF0-DCF203D90E60}.Release|Any CPU.ActiveCfg = Release|Any CPU
		{CF59AE3F-7D8A-4DD4-8EF0-DCF203D90E60}.Release|Any CPU.Build.0 = Release|Any CPU
	EndGlobalSection
	GlobalSection(SolutionProperties) = preSolution
		HideSolutionNode = FALSE
	EndGlobalSection
	GlobalSection(ExtensibilityGlobals) = postSolution
		SolutionGuid = {0B549403-20F2-4BF1-B68B-4C5E3330909B}
	EndGlobalSection
EndGlobal
