
Microsoft Visual Studio Solution File, Format Version 12.00
# Visual Studio Version 16
VisualStudioVersion = 16.0.29613.14
MinimumVisualStudioVersion = 10.0.40219.1
Project("{FAE04EC0-301F-11D3-BF4B-00C04F79EFBC}") = "TodoApi", "TodoApi.csproj", "{59E1FBE0-F32A-4A39-A7A4-9AD0E32BF0BA}"
EndProject
Global
	GlobalSection(SolutionConfigurationPlatforms) = preSolution
		Debug|Any CPU = Debug|Any CPU
		Release|Any CPU = Release|Any CPU
	EndGlobalSection
	GlobalSection(ProjectConfigurationPlatforms) = postSolution
		{59E1FBE0-F32A-4A39-A7A4-9AD0E32BF0BA}.Debug|Any CPU.ActiveCfg = Debug|Any CPU
		{59E1FBE0-F32A-4A39-A7A4-9AD0E32BF0BA}.Debug|Any CPU.Build.0 = Debug|Any CPU
		{59E1FBE0-F32A-4A39-A7A4-9AD0E32BF0BA}.Release|Any CPU.ActiveCfg = Release|Any CPU
		{59E1FBE0-F32A-4A39-A7A4-9AD0E32BF0BA}.Release|Any CPU.Build.0 = Release|Any CPU
	EndGlobalSection
	GlobalSection(SolutionProperties) = preSolution
		HideSolutionNode = FALSE
	EndGlobalSection
	GlobalSection(ExtensibilityGlobals) = postSolution
		SolutionGuid = {D704BF66-4ADA-4B7D-B4D0-1340C4D39A15}
	EndGlobalSection
EndGlobal
